
Microsoft Visual Studio Solution File, Format Version 12.00
# Visual Studio Version 17
VisualStudioVersion = 17.0.31912.275
MinimumVisualStudioVersion = 10.0.40219.1
Project("{FAE04EC0-301F-11D3-BF4B-00C04F79EFBC}") = "passagens", "passagens\passagens.csproj", "{2B0AB074-3185-466C-8EB6-3F2D3AC4A223}"
EndProject
Global
	GlobalSection(SolutionConfigurationPlatforms) = preSolution
		Debug|Any CPU = Debug|Any CPU
		Release|Any CPU = Release|Any CPU
	EndGlobalSection
	GlobalSection(ProjectConfigurationPlatforms) = postSolution
		{2B0AB074-3185-466C-8EB6-3F2D3AC4A223}.Debug|Any CPU.ActiveCfg = Debug|Any CPU
		{2B0AB074-3185-466C-8EB6-3F2D3AC4A223}.Debug|Any CPU.Build.0 = Debug|Any CPU
		{2B0AB074-3185-466C-8EB6-3F2D3AC4A223}.Release|Any CPU.ActiveCfg = Release|Any CPU
		{2B0AB074-3185-466C-8EB6-3F2D3AC4A223}.Release|Any CPU.Build.0 = Release|Any CPU
	EndGlobalSection
	GlobalSection(SolutionProperties) = preSolution
		HideSolutionNode = FALSE
	EndGlobalSection
	GlobalSection(ExtensibilityGlobals) = postSolution
		SolutionGuid = {B008B480-AEE9-4D9A-AAA8-BC0B6C99B1B7}
	EndGlobalSection
EndGlobal
